
Microsoft Visual Studio Solution File, Format Version 12.00
# Visual Studio Version 16
VisualStudioVersion = 16.0.29806.167
MinimumVisualStudioVersion = 10.0.40219.1
Project("{FAE04EC0-301F-11D3-BF4B-00C04F79EFBC}") = "Proje.Web", "Proje.Personel\Proje.Web.csproj", "{F02D1A42-BC3C-4B58-9F26-93EFE5155FEE}"
EndProject
Project("{FAE04EC0-301F-11D3-BF4B-00C04F79EFBC}") = "Proje.Veri", "Proje.Veri\Proje.Veri.csproj", "{3380403F-1328-4E08-96AD-34B511376A92}"
EndProject
Project("{FAE04EC0-301F-11D3-BF4B-00C04F79EFBC}") = "Proje.Is", "Proje.Is\Proje.Is.csproj", "{EF9DAF59-0F55-4411-A233-359FF20C432F}"
EndProject
Global
	GlobalSection(SolutionConfigurationPlatforms) = preSolution
		Debug|Any CPU = Debug|Any CPU
		Release|Any CPU = Release|Any CPU
	EndGlobalSection
	GlobalSection(ProjectConfigurationPlatforms) = postSolution
		{F02D1A42-BC3C-4B58-9F26-93EFE5155FEE}.Debug|Any CPU.ActiveCfg = Debug|Any CPU
		{F02D1A42-BC3C-4B58-9F26-93EFE5155FEE}.Debug|Any CPU.Build.0 = Debug|Any CPU
		{F02D1A42-BC3C-4B58-9F26-93EFE5155FEE}.Release|Any CPU.ActiveCfg = Release|Any CPU
		{F02D1A42-BC3C-4B58-9F26-93EFE5155FEE}.Release|Any CPU.Build.0 = Release|Any CPU
		{3380403F-1328-4E08-96AD-34B511376A92}.Debug|Any CPU.ActiveCfg = Debug|Any CPU
		{3380403F-1328-4E08-96AD-34B511376A92}.Debug|Any CPU.Build.0 = Debug|Any CPU
		{3380403F-1328-4E08-96AD-34B511376A92}.Release|Any CPU.ActiveCfg = Release|Any CPU
		{3380403F-1328-4E08-96AD-34B511376A92}.Release|Any CPU.Build.0 = Release|Any CPU
		{EF9DAF59-0F55-4411-A233-359FF20C432F}.Debug|Any CPU.ActiveCfg = Debug|Any CPU
		{EF9DAF59-0F55-4411-A233-359FF20C432F}.Debug|Any CPU.Build.0 = Debug|Any CPU
		{EF9DAF59-0F55-4411-A233-359FF20C432F}.Release|Any CPU.ActiveCfg = Release|Any CPU
		{EF9DAF59-0F55-4411-A233-359FF20C432F}.Release|Any CPU.Build.0 = Release|Any CPU
	EndGlobalSection
	GlobalSection(SolutionProperties) = preSolution
		HideSolutionNode = FALSE
	EndGlobalSection
	GlobalSection(ExtensibilityGlobals) = postSolution
		SolutionGuid = {65C89C8D-C470-4B76-8889-4000F1693C12}
	EndGlobalSection
EndGlobal
